
Microsoft Visual Studio Solution File, Format Version 12.00
# Visual Studio Version 16
VisualStudioVersion = 16.0.32413.511
MinimumVisualStudioVersion = 10.0.40219.1
Project("{FAE04EC0-301F-11D3-BF4B-00C04F79EFBC}") = "CardsGame", "CardsGame.csproj", "{37718869-B191-4341-939E-02940C1EA42B}"
EndProject
Global
	GlobalSection(SolutionConfigurationPlatforms) = preSolution
		Debug|Any CPU = Debug|Any CPU
		Release|Any CPU = Release|Any CPU
	EndGlobalSection
	GlobalSection(ProjectConfigurationPlatforms) = postSolution
		{37718869-B191-4341-939E-02940C1EA42B}.Debug|Any CPU.ActiveCfg = Debug|Any CPU
		{37718869-B191-4341-939E-02940C1EA42B}.Debug|Any CPU.Build.0 = Debug|Any CPU
		{37718869-B191-4341-939E-02940C1EA42B}.Release|Any CPU.ActiveCfg = Release|Any CPU
		{37718869-B191-4341-939E-02940C1EA42B}.Release|Any CPU.Build.0 = Release|Any CPU
	EndGlobalSection
	GlobalSection(SolutionProperties) = preSolution
		HideSolutionNode = FALSE
	EndGlobalSection
	GlobalSection(ExtensibilityGlobals) = postSolution
		SolutionGuid = {04589CC9-C809-4D1E-A864-4DD32F8FF9BC}
	EndGlobalSection
EndGlobal
